
Microsoft Visual Studio Solution File, Format Version 12.00
# Visual Studio 15
Project("{FAE04EC0-301F-11D3-BF4B-00C04F79EFBC}") = "Assembly-CSharp", "Assembly-CSharp.csproj", "{CD7DE49B-9873-E90A-D184-F0F0111EA7A2}"
EndProject
Global
	GlobalSection(SolutionConfigurationPlatforms) = preSolution
		Debug|Any CPU = Debug|Any CPU
		Release|Any CPU = Release|Any CPU
	EndGlobalSection
	GlobalSection(ProjectConfigurationPlatforms) = postSolution
		{CD7DE49B-9873-E90A-D184-F0F0111EA7A2}.Debug|Any CPU.ActiveCfg = Debug|Any CPU
		{CD7DE49B-9873-E90A-D184-F0F0111EA7A2}.Debug|Any CPU.Build.0 = Debug|Any CPU
		{CD7DE49B-9873-E90A-D184-F0F0111EA7A2}.Release|Any CPU.ActiveCfg = Release|Any CPU
		{CD7DE49B-9873-E90A-D184-F0F0111EA7A2}.Release|Any CPU.Build.0 = Release|Any CPU
	EndGlobalSection
	GlobalSection(SolutionProperties) = preSolution
		HideSolutionNode = FALSE
	EndGlobalSection
EndGlobal
